// !$*UTF8*$!
{
	archiveVersion = 1;
	classes = {
	};
	objectVersion = 56;
	objects = {

/* Begin PBXBuildFile section */
		5B12AD962BD133BF0090891F /* GitSessionApp.swift in Sources */ = {isa = PBXBuildFile; fileRef = 5B12AD952BD133BF0090891F /* GitSessionApp.swift */; };
		5B12AD982BD133BF0090891F /* ContentView.swift in Sources */ = {isa = PBXBuildFile; fileRef = 5B12AD972BD133BF0090891F /* ContentView.swift */; };
		5B12AD9A2BD133BF0090891F /* Item.swift in Sources */ = {isa = PBXBuildFile; fileRef = 5B12AD992BD133BF0090891F /* Item.swift */; };
		5B12AD9C2BD133C00090891F /* Assets.xcassets in Resources */ = {isa = PBXBuildFile; fileRef = 5B12AD9B2BD133C00090891F /* Assets.xcassets */; };
		5B12AD9F2BD133C00090891F /* Preview Assets.xcassets in Resources */ = {isa = PBXBuildFile; fileRef = 5B12AD9E2BD133C00090891F /* Preview Assets.xcassets */; };
		5B12ADA92BD133C10090891F /* GitSessionTests.swift in Sources */ = {isa = PBXBuildFile; fileRef = 5B12ADA82BD133C10090891F /* GitSessionTests.swift */; };
		5B12ADB32BD133C10090891F /* GitSessionUITests.swift in Sources */ = {isa = PBXBuildFile; fileRef = 5B12ADB22BD133C10090891F /* GitSessionUITests.swift */; };
		5B12ADB52BD133C10090891F /* GitSessionUITestsLaunchTests.swift in Sources */ = {isa = PBXBuildFile; fileRef = 5B12ADB42BD133C10090891F /* GitSessionUITestsLaunchTests.swift */; };
/* End PBXBuildFile section */

/* Begin PBXContainerItemProxy section */
		5B12ADA52BD133C10090891F /* PBXContainerItemProxy */ = {
			isa = PBXContainerItemProxy;
			containerPortal = 5B12AD8A2BD133BF0090891F /* Project object */;
			proxyType = 1;
			remoteGlobalIDString = 5B12AD912BD133BF0090891F;
			remoteInfo = GitSession;
		};
		5B12ADAF2BD133C10090891F /* PBXContainerItemProxy */ = {
			isa = PBXContainerItemProxy;
			containerPortal = 5B12AD8A2BD133BF0090891F /* Project object */;
			proxyType = 1;
			remoteGlobalIDString = 5B12AD912BD133BF0090891F;
			remoteInfo = GitSession;
		};
/* End PBXContainerItemProxy section */

/* Begin PBXFileReference section */
		5B12AD922BD133BF0090891F /* GitSession.app */ = {isa = PBXFileReference; explicitFileType = wrapper.application; includeInIndex = 0; path = GitSession.app; sourceTree = BUILT_PRODUCTS_DIR; };
		5B12AD952BD133BF0090891F /* GitSessionApp.swift */ = {isa = PBXFileReference; lastKnownFileType = sourcecode.swift; path = GitSessionApp.swift; sourceTree = "<group>"; };
		5B12AD972BD133BF0090891F /* ContentView.swift */ = {isa = PBXFileReference; lastKnownFileType = sourcecode.swift; path = ContentView.swift; sourceTree = "<group>"; };
		5B12AD992BD133BF0090891F /* Item.swift */ = {isa = PBXFileReference; lastKnownFileType = sourcecode.swift; path = Item.swift; sourceTree = "<group>"; };
		5B12AD9B2BD133C00090891F /* Assets.xcassets */ = {isa = PBXFileReference; lastKnownFileType = folder.assetcatalog; path = Assets.xcassets; sourceTree = "<group>"; };
		5B12AD9E2BD133C00090891F /* Preview Assets.xcassets */ = {isa = PBXFileReference; lastKnownFileType = folder.assetcatalog; path = "Preview Assets.xcassets"; sourceTree = "<group>"; };
		5B12ADA42BD133C10090891F /* GitSessionTests.xctest */ = {isa = PBXFileReference; explicitFileType = wrapper.cfbundle; includeInIndex = 0; path = GitSessionTests.xctest; sourceTree = BUILT_PRODUCTS_DIR; };
		5B12ADA82BD133C10090891F /* GitSessionTests.swift */ = {isa = PBXFileReference; lastKnownFileType = sourcecode.swift; path = GitSessionTests.swift; sourceTree = "<group>"; };
		5B12ADAE2BD133C10090891F /* GitSessionUITests.xctest */ = {isa = PBXFileReference; explicitFileType = wrapper.cfbundle; includeInIndex = 0; path = GitSessionUITests.xctest; sourceTree = BUILT_PRODUCTS_DIR; };
		5B12ADB22BD133C10090891F /* GitSessionUITests.swift */ = {isa = PBXFileReference; lastKnownFileType = sourcecode.swift; path = GitSessionUITests.swift; sourceTree = "<group>"; };
		5B12ADB42BD133C10090891F /* GitSessionUITestsLaunchTests.swift */ = {isa = PBXFileReference; lastKnownFileType = sourcecode.swift; path = GitSessionUITestsLaunchTests.swift; sourceTree = "<group>"; };
/* End PBXFileReference section */

/* Begin PBXFrameworksBuildPhase section */
		5B12AD8F2BD133BF0090891F /* Frameworks */ = {
			isa = PBXFrameworksBuildPhase;
			buildActionMask = 2147483647;
			files = (
			);
			runOnlyForDeploymentPostprocessing = 0;
		};
		5B12ADA12BD133C10090891F /* Frameworks */ = {
			isa = PBXFrameworksBuildPhase;
			buildActionMask = 2147483647;
			files = (
			);
			runOnlyForDeploymentPostprocessing = 0;
		};
		5B12ADAB2BD133C10090891F /* Frameworks */ = {
			isa = PBXFrameworksBuildPhase;
			buildActionMask = 2147483647;
			files = (
			);
			runOnlyForDeploymentPostprocessing = 0;
		};
/* End PBXFrameworksBuildPhase section */

/* Begin PBXGroup section */
		5B12AD892BD133BF0090891F = {
			isa = PBXGroup;
			children = (
				5B12AD942BD133BF0090891F /* GitSession */,
				5B12ADA72BD133C10090891F /* GitSessionTests */,
				5B12ADB12BD133C10090891F /* GitSessionUITests */,
				5B12AD932BD133BF0090891F /* Products */,
			);
			sourceTree = "<group>";
		};
		5B12AD932BD133BF0090891F /* Products */ = {
			isa = PBXGroup;
			children = (
				5B12AD922BD133BF0090891F /* GitSession.app */,
				5B12ADA42BD133C10090891F /* GitSessionTests.xctest */,
				5B12ADAE2BD133C10090891F /* GitSessionUITests.xctest */,
			);
			name = Products;
			sourceTree = "<group>";
		};
		5B12AD942BD133BF0090891F /* GitSession */ = {
			isa = PBXGroup;
			children = (
				5B12AD952BD133BF0090891F /* GitSessionApp.swift */,
				5B12AD972BD133BF0090891F /* ContentView.swift */,
				5B12AD992BD133BF0090891F /* Item.swift */,
				5B12AD9B2BD133C00090891F /* Assets.xcassets */,
				5B12AD9D2BD133C00090891F /* Preview Content */,
			);
			path = GitSession;
			sourceTree = "<group>";
		};
		5B12AD9D2BD133C00090891F /* Preview Content */ = {
			isa = PBXGroup;
			children = (
				5B12AD9E2BD133C00090891F /* Preview Assets.xcassets */,
			);
			path = "Preview Content";
			sourceTree = "<group>";
		};
		5B12ADA72BD133C10090891F /* GitSessionTests */ = {
			isa = PBXGroup;
			children = (
				5B12ADA82BD133C10090891F /* GitSessionTests.swift */,
			);
			path = GitSessionTests;
			sourceTree = "<group>";
		};
		5B12ADB12BD133C10090891F /* GitSessionUITests */ = {
			isa = PBXGroup;
			children = (
				5B12ADB22BD133C10090891F /* GitSessionUITests.swift */,
				5B12ADB42BD133C10090891F /* GitSessionUITestsLaunchTests.swift */,
			);
			path = GitSessionUITests;
			sourceTree = "<group>";
		};
/* End PBXGroup section */

/* Begin PBXNativeTarget section */
		5B12AD912BD133BF0090891F /* GitSession */ = {
			isa = PBXNativeTarget;
			buildConfigurationList = 5B12ADB82BD133C10090891F /* Build configuration list for PBXNativeTarget "GitSession" */;
			buildPhases = (
				5B12AD8E2BD133BF0090891F /* Sources */,
				5B12AD8F2BD133BF0090891F /* Frameworks */,
				5B12AD902BD133BF0090891F /* Resources */,
			);
			buildRules = (
			);
			dependencies = (
			);
			name = GitSession;
			productName = GitSession;
			productReference = 5B12AD922BD133BF0090891F /* GitSession.app */;
			productType = "com.apple.product-type.application";
		};
		5B12ADA32BD133C10090891F /* GitSessionTests */ = {
			isa = PBXNativeTarget;
			buildConfigurationList = 5B12ADBB2BD133C10090891F /* Build configuration list for PBXNativeTarget "GitSessionTests" */;
			buildPhases = (
				5B12ADA02BD133C10090891F /* Sources */,
				5B12ADA12BD133C10090891F /* Frameworks */,
				5B12ADA22BD133C10090891F /* Resources */,
			);
			buildRules = (
			);
			dependencies = (
				5B12ADA62BD133C10090891F /* PBXTargetDependency */,
			);
			name = GitSessionTests;
			productName = GitSessionTests;
			productReference = 5B12ADA42BD133C10090891F /* GitSessionTests.xctest */;
			productType = "com.apple.product-type.bundle.unit-test";
		};
		5B12ADAD2BD133C10090891F /* GitSessionUITests */ = {
			isa = PBXNativeTarget;
			buildConfigurationList = 5B12ADBE2BD133C10090891F /* Build configuration list for PBXNativeTarget "GitSessionUITests" */;
			buildPhases = (
				5B12ADAA2BD133C10090891F /* Sources */,
				5B12ADAB2BD133C10090891F /* Frameworks */,
				5B12ADAC2BD133C10090891F /* Resources */,
			);
			buildRules = (
			);
			dependencies = (
				5B12ADB02BD133C10090891F /* PBXTargetDependency */,
			);
			name = GitSessionUITests;
			productName = GitSessionUITests;
			productReference = 5B12ADAE2BD133C10090891F /* GitSessionUITests.xctest */;
			productType = "com.apple.product-type.bundle.ui-testing";
		};
/* End PBXNativeTarget section */

/* Begin PBXProject section */
		5B12AD8A2BD133BF0090891F /* Project object */ = {
			isa = PBXProject;
			attributes = {
				BuildIndependentTargetsInParallel = 1;
				LastSwiftUpdateCheck = 1520;
				LastUpgradeCheck = 1520;
				TargetAttributes = {
					5B12AD912BD133BF0090891F = {
						CreatedOnToolsVersion = 15.2;
					};
					5B12ADA32BD133C10090891F = {
						CreatedOnToolsVersion = 15.2;
						TestTargetID = 5B12AD912BD133BF0090891F;
					};
					5B12ADAD2BD133C10090891F = {
						CreatedOnToolsVersion = 15.2;
						TestTargetID = 5B12AD912BD133BF0090891F;
					};
				};
			};
			buildConfigurationList = 5B12AD8D2BD133BF0090891F /* Build configuration list for PBXProject "GitSession" */;
			compatibilityVersion = "Xcode 14.0";
			developmentRegion = en;
			hasScannedForEncodings = 0;
			knownRegions = (
				en,
				Base,
			);
			mainGroup = 5B12AD892BD133BF0090891F;
			productRefGroup = 5B12AD932BD133BF0090891F /* Products */;
			projectDirPath = "";
			projectRoot = "";
			targets = (
				5B12AD912BD133BF0090891F /* GitSession */,
				5B12ADA32BD133C10090891F /* GitSessionTests */,
				5B12ADAD2BD133C10090891F /* GitSessionUITests */,
			);
		};
/* End PBXProject section */

/* Begin PBXResourcesBuildPhase section */
		5B12AD902BD133BF0090891F /* Resources */ = {
			isa = PBXResourcesBuildPhase;
			buildActionMask = 2147483647;
			files = (
				5B12AD9F2BD133C00090891F /* Preview Assets.xcassets in Resources */,
				5B12AD9C2BD133C00090891F /* Assets.xcassets in Resources */,
			);
			runOnlyForDeploymentPostprocessing = 0;
		};
		5B12ADA22BD133C10090891F /* Resources */ = {
			isa = PBXResourcesBuildPhase;
			buildActionMask = 2147483647;
			files = (
			);
			runOnlyForDeploymentPostprocessing = 0;
		};
		5B12ADAC2BD133C10090891F /* Resources */ = {
			isa = PBXResourcesBuildPhase;
			buildActionMask = 2147483647;
			files = (
			);
			runOnlyForDeploymentPostprocessing = 0;
		};
/* End PBXResourcesBuildPhase section */

/* Begin PBXSourcesBuildPhase section */
		5B12AD8E2BD133BF0090891F /* Sources */ = {
			isa = PBXSourcesBuildPhase;
			buildActionMask = 2147483647;
			files = (
				5B12AD982BD133BF0090891F /* ContentView.swift in Sources */,
				5B12AD9A2BD133BF0090891F /* Item.swift in Sources */,
				5B12AD962BD133BF0090891F /* GitSessionApp.swift in Sources */,
			);
			runOnlyForDeploymentPostprocessing = 0;
		};
		5B12ADA02BD133C10090891F /* Sources */ = {
			isa = PBXSourcesBuildPhase;
			buildActionMask = 2147483647;
			files = (
				5B12ADA92BD133C10090891F /* GitSessionTests.swift in Sources */,
			);
			runOnlyForDeploymentPostprocessing = 0;
		};
		5B12ADAA2BD133C10090891F /* Sources */ = {
			isa = PBXSourcesBuildPhase;
			buildActionMask = 2147483647;
			files = (
				5B12ADB52BD133C10090891F /* GitSessionUITestsLaunchTests.swift in Sources */,
				5B12ADB32BD133C10090891F /* GitSessionUITests.swift in Sources */,
			);
			runOnlyForDeploymentPostprocessing = 0;
		};
/* End PBXSourcesBuildPhase section */

/* Begin PBXTargetDependency section */
		5B12ADA62BD133C10090891F /* PBXTargetDependency */ = {
			isa = PBXTargetDependency;
			target = 5B12AD912BD133BF0090891F /* GitSession */;
			targetProxy = 5B12ADA52BD133C10090891F /* PBXContainerItemProxy */;
		};
		5B12ADB02BD133C10090891F /* PBXTargetDependency */ = {
			isa = PBXTargetDependency;
			target = 5B12AD912BD133BF0090891F /* GitSession */;
			targetProxy = 5B12ADAF2BD133C10090891F /* PBXContainerItemProxy */;
		};
/* End PBXTargetDependency section */

/* Begin XCBuildConfiguration section */
		5B12ADB62BD133C10090891F /* Debug */ = {
			isa = XCBuildConfiguration;
			buildSettings = {
				ALWAYS_SEARCH_USER_PATHS = NO;
				ASSETCATALOG_COMPILER_GENERATE_SWIFT_ASSET_SYMBOL_EXTENSIONS = YES;
				CLANG_ANALYZER_NONNULL = YES;
				CLANG_ANALYZER_NUMBER_OBJECT_CONVERSION = YES_AGGRESSIVE;
				CLANG_CXX_LANGUAGE_STANDARD = "gnu++20";
				CLANG_ENABLE_MODULES = YES;
				CLANG_ENABLE_OBJC_ARC = YES;
				CLANG_ENABLE_OBJC_WEAK = YES;
				CLANG_WARN_BLOCK_CAPTURE_AUTORELEASING = YES;
				CLANG_WARN_BOOL_CONVERSION = YES;
				CLANG_WARN_COMMA = YES;
				CLANG_WARN_CONSTANT_CONVERSION = YES;
				CLANG_WARN_DEPRECATED_OBJC_IMPLEMENTATIONS = YES;
				CLANG_WARN_DIRECT_OBJC_ISA_USAGE = YES_ERROR;
				CLANG_WARN_DOCUMENTATION_COMMENTS = YES;
				CLANG_WARN_EMPTY_BODY = YES;
				CLANG_WARN_ENUM_CONVERSION = YES;
				CLANG_WARN_INFINITE_RECURSION = YES;
				CLANG_WARN_INT_CONVERSION = YES;
				CLANG_WARN_NON_LITERAL_NULL_CONVERSION = YES;
				CLANG_WARN_OBJC_IMPLICIT_RETAIN_SELF = YES;
				CLANG_WARN_OBJC_LITERAL_CONVERSION = YES;
				CLANG_WARN_OBJC_ROOT_CLASS = YES_ERROR;
				CLANG_WARN_QUOTED_INCLUDE_IN_FRAMEWORK_HEADER = YES;
				CLANG_WARN_RANGE_LOOP_ANALYSIS = YES;
				CLANG_WARN_STRICT_PROTOTYPES = YES;
				CLANG_WARN_SUSPICIOUS_MOVE = YES;
				CLANG_WARN_UNGUARDED_AVAILABILITY = YES_AGGRESSIVE;
				CLANG_WARN_UNREACHABLE_CODE = YES;
				CLANG_WARN__DUPLICATE_METHOD_MATCH = YES;
				COPY_PHASE_STRIP = NO;
				DEBUG_INFORMATION_FORMAT = dwarf;
				ENABLE_STRICT_OBJC_MSGSEND = YES;
				ENABLE_TESTABILITY = YES;
				ENABLE_USER_SCRIPT_SANDBOXING = YES;
				GCC_C_LANGUAGE_STANDARD = gnu17;
				GCC_DYNAMIC_NO_PIC = NO;
				GCC_NO_COMMON_BLOCKS = YES;
				GCC_OPTIMIZATION_LEVEL = 0;
				GCC_PREPROCESSOR_DEFINITIONS = (
					"DEBUG=1",
					"$(inherited)",
				);
				GCC_WARN_64_TO_32_BIT_CONVERSION = YES;
				GCC_WARN_ABOUT_RETURN_TYPE = YES_ERROR;
				GCC_WARN_UNDECLARED_SELECTOR = YES;
				GCC_WARN_UNINITIALIZED_AUTOS = YES_AGGRESSIVE;
				GCC_WARN_UNUSED_FUNCTION = YES;
				GCC_WARN_UNUSED_VARIABLE = YES;
				IPHONEOS_DEPLOYMENT_TARGET = 17.2;
				LOCALIZATION_PREFERS_STRING_CATALOGS = YES;
				MTL_ENABLE_DEBUG_INFO = INCLUDE_SOURCE;
				MTL_FAST_MATH = YES;
				ONLY_ACTIVE_ARCH = YES;
				SDKROOT = iphoneos;
				SWIFT_ACTIVE_COMPILATION_CONDITIONS = "DEBUG $(inherited)";
				SWIFT_OPTIMIZATION_LEVEL = "-Onone";
			};
			name = Debug;
		};
		5B12ADB72BD133C10090891F /* Release */ = {
			isa = XCBuildConfiguration;
			buildSettings = {
				ALWAYS_SEARCH_USER_PATHS = NO;
				ASSETCATALOG_COMPILER_GENERATE_SWIFT_ASSET_SYMBOL_EXTENSIONS = YES;
				CLANG_ANALYZER_NONNULL = YES;
				CLANG_ANALYZER_NUMBER_OBJECT_CONVERSION = YES_AGGRESSIVE;
				CLANG_CXX_LANGUAGE_STANDARD = "gnu++20";
				CLANG_ENABLE_MODULES = YES;
				CLANG_ENABLE_OBJC_ARC = YES;
				CLANG_ENABLE_OBJC_WEAK = YES;
				CLANG_WARN_BLOCK_CAPTURE_AUTORELEASING = YES;
				CLANG_WARN_BOOL_CONVERSION = YES;
				CLANG_WARN_COMMA = YES;
				CLANG_WARN_CONSTANT_CONVERSION = YES;
				CLANG_WARN_DEPRECATED_OBJC_IMPLEMENTATIONS = YES;
				CLANG_WARN_DIRECT_OBJC_ISA_USAGE = YES_ERROR;
				CLANG_WARN_DOCUMENTATION_COMMENTS = YES;
				CLANG_WARN_EMPTY_BODY = YES;
				CLANG_WARN_ENUM_CONVERSION = YES;
				CLANG_WARN_INFINITE_RECURSION = YES;
				CLANG_WARN_INT_CONVERSION = YES;
				CLANG_WARN_NON_LITERAL_NULL_CONVERSION = YES;
				CLANG_WARN_OBJC_IMPLICIT_RETAIN_SELF = YES;
				CLANG_WARN_OBJC_LITERAL_CONVERSION = YES;
				CLANG_WARN_OBJC_ROOT_CLASS = YES_ERROR;
				CLANG_WARN_QUOTED_INCLUDE_IN_FRAMEWORK_HEADER = YES;
				CLANG_WARN_RANGE_LOOP_ANALYSIS = YES;
				CLANG_WARN_STRICT_PROTOTYPES = YES;
				CLANG_WARN_SUSPICIOUS_MOVE = YES;
				CLANG_WARN_UNGUARDED_AVAILABILITY = YES_AGGRESSIVE;
				CLANG_WARN_UNREACHABLE_CODE = YES;
				CLANG_WARN__DUPLICATE_METHOD_MATCH = YES;
				COPY_PHASE_STRIP = NO;
				DEBUG_INFORMATION_FORMAT = "dwarf-with-dsym";
				ENABLE_NS_ASSERTIONS = NO;
				ENABLE_STRICT_OBJC_MSGSEND = YES;
				ENABLE_USER_SCRIPT_SANDBOXING = YES;
				GCC_C_LANGUAGE_STANDARD = gnu17;
				GCC_NO_COMMON_BLOCKS = YES;
				GCC_WARN_64_TO_32_BIT_CONVERSION = YES;
				GCC_WARN_ABOUT_RETURN_TYPE = YES_ERROR;
				GCC_WARN_UNDECLARED_SELECTOR = YES;
				GCC_WARN_UNINITIALIZED_AUTOS = YES_AGGRESSIVE;
				GCC_WARN_UNUSED_FUNCTION = YES;
				GCC_WARN_UNUSED_VARIABLE = YES;
				IPHONEOS_DEPLOYMENT_TARGET = 17.2;
				LOCALIZATION_PREFERS_STRING_CATALOGS = YES;
				MTL_ENABLE_DEBUG_INFO = NO;
				MTL_FAST_MATH = YES;
				SDKROOT = iphoneos;
				SWIFT_COMPILATION_MODE = wholemodule;
				VALIDATE_PRODUCT = YES;
			};
			name = Release;
		};
		5B12ADB92BD133C10090891F /* Debug */ = {
			isa = XCBuildConfiguration;
			buildSettings = {
				ASSETCATALOG_COMPILER_APPICON_NAME = AppIcon;
				ASSETCATALOG_COMPILER_GLOBAL_ACCENT_COLOR_NAME = AccentColor;
				CODE_SIGN_STYLE = Automatic;
				CURRENT_PROJECT_VERSION = 1;
				DEVELOPMENT_ASSET_PATHS = "\"GitSession/Preview Content\"";
				DEVELOPMENT_TEAM = YUF8364M59;
				ENABLE_PREVIEWS = YES;
				GENERATE_INFOPLIST_FILE = YES;
				INFOPLIST_KEY_UIApplicationSceneManifest_Generation = YES;
				INFOPLIST_KEY_UIApplicationSupportsIndirectInputEvents = YES;
				INFOPLIST_KEY_UILaunchScreen_Generation = YES;
				INFOPLIST_KEY_UISupportedInterfaceOrientations_iPad = "UIInterfaceOrientationPortrait UIInterfaceOrientationPortraitUpsideDown UIInterfaceOrientationLandscapeLeft UIInterfaceOrientationLandscapeRight";
				INFOPLIST_KEY_UISupportedInterfaceOrientations_iPhone = "UIInterfaceOrientationPortrait UIInterfaceOrientationLandscapeLeft UIInterfaceOrientationLandscapeRight";
				LD_RUNPATH_SEARCH_PATHS = (
					"$(inherited)",
					"@executable_path/Frameworks",
				);
				MARKETING_VERSION = 1.0;
				PRODUCT_BUNDLE_IDENTIFIER = com.ada.GitSession;
				PRODUCT_NAME = "$(TARGET_NAME)";
				SWIFT_EMIT_LOC_STRINGS = YES;
				SWIFT_VERSION = 5.0;
				TARGETED_DEVICE_FAMILY = "1,2";
			};
			name = Debug;
		};
		5B12ADBA2BD133C10090891F /* Release */ = {
			isa = XCBuildConfiguration;
			buildSettings = {
				ASSETCATALOG_COMPILER_APPICON_NAME = AppIcon;
				ASSETCATALOG_COMPILER_GLOBAL_ACCENT_COLOR_NAME = AccentColor;
				CODE_SIGN_STYLE = Automatic;
				CURRENT_PROJECT_VERSION = 1;
				DEVELOPMENT_ASSET_PATHS = "\"GitSession/Preview Content\"";
				DEVELOPMENT_TEAM = YUF8364M59;
				ENABLE_PREVIEWS = YES;
				GENERATE_INFOPLIST_FILE = YES;
				INFOPLIST_KEY_UIApplicationSceneManifest_Generation = YES;
				INFOPLIST_KEY_UIApplicationSupportsIndirectInputEvents = YES;
				INFOPLIST_KEY_UILaunchScreen_Generation = YES;
				INFOPLIST_KEY_UISupportedInterfaceOrientations_iPad = "UIInterfaceOrientationPortrait UIInterfaceOrientationPortraitUpsideDown UIInterfaceOrientationLandscapeLeft UIInterfaceOrientationLandscapeRight";
				INFOPLIST_KEY_UISupportedInterfaceOrientations_iPhone = "UIInterfaceOrientationPortrait UIInterfaceOrientationLandscapeLeft UIInterfaceOrientationLandscapeRight";
				LD_RUNPATH_SEARCH_PATHS = (
					"$(inherited)",
					"@executable_path/Frameworks",
				);
				MARKETING_VERSION = 1.0;
				PRODUCT_BUNDLE_IDENTIFIER = com.ada.GitSession;
				PRODUCT_NAME = "$(TARGET_NAME)";
				SWIFT_EMIT_LOC_STRINGS = YES;
				SWIFT_VERSION = 5.0;
				TARGETED_DEVICE_FAMILY = "1,2";
			};
			name = Release;
		};
		5B12ADBC2BD133C10090891F /* Debug */ = {
			isa = XCBuildConfiguration;
			buildSettings = {
				ALWAYS_EMBED_SWIFT_STANDARD_LIBRARIES = YES;
				BUNDLE_LOADER = "$(TEST_HOST)";
				CODE_SIGN_STYLE = Automatic;
				CURRENT_PROJECT_VERSION = 1;
				DEVELOPMENT_TEAM = YUF8364M59;
				GENERATE_INFOPLIST_FILE = YES;
				IPHONEOS_DEPLOYMENT_TARGET = 17.2;
				MARKETING_VERSION = 1.0;
				PRODUCT_BUNDLE_IDENTIFIER = com.ada.GitSessionTests;
				PRODUCT_NAME = "$(TARGET_NAME)";
				SWIFT_EMIT_LOC_STRINGS = NO;
				SWIFT_VERSION = 5.0;
				TARGETED_DEVICE_FAMILY = "1,2";
				TEST_HOST = "$(BUILT_PRODUCTS_DIR)/GitSession.app/$(BUNDLE_EXECUTABLE_FOLDER_PATH)/GitSession";
			};
			name = Debug;
		};
		5B12ADBD2BD133C10090891F /* Release */ = {
			isa = XCBuildConfiguration;
			buildSettings = {
				ALWAYS_EMBED_SWIFT_STANDARD_LIBRARIES = YES;
				BUNDLE_LOADER = "$(TEST_HOST)";
				CODE_SIGN_STYLE = Automatic;
				CURRENT_PROJECT_VERSION = 1;
				DEVELOPMENT_TEAM = YUF8364M59;
				GENERATE_INFOPLIST_FILE = YES;
				IPHONEOS_DEPLOYMENT_TARGET = 17.2;
				MARKETING_VERSION = 1.0;
				PRODUCT_BUNDLE_IDENTIFIER = com.ada.GitSessionTests;
				PRODUCT_NAME = "$(TARGET_NAME)";
				SWIFT_EMIT_LOC_STRINGS = NO;
				SWIFT_VERSION = 5.0;
				TARGETED_DEVICE_FAMILY = "1,2";
				TEST_HOST = "$(BUILT_PRODUCTS_DIR)/GitSession.app/$(BUNDLE_EXECUTABLE_FOLDER_PATH)/GitSession";
			};
			name = Release;
		};
		5B12ADBF2BD133C10090891F /* Debug */ = {
			isa = XCBuildConfiguration;
			buildSettings = {
				ALWAYS_EMBED_SWIFT_STANDARD_LIBRARIES = YES;
				CODE_SIGN_STYLE = Automatic;
				CURRENT_PROJECT_VERSION = 1;
				DEVELOPMENT_TEAM = YUF8364M59;
				GENERATE_INFOPLIST_FILE = YES;
				MARKETING_VERSION = 1.0;
				PRODUCT_BUNDLE_IDENTIFIER = com.ada.GitSessionUITests;
				PRODUCT_NAME = "$(TARGET_NAME)";
				SWIFT_EMIT_LOC_STRINGS = NO;
				SWIFT_VERSION = 5.0;
				TARGETED_DEVICE_FAMILY = "1,2";
				TEST_TARGET_NAME = GitSession;
			};
			name = Debug;
		};
		5B12ADC02BD133C10090891F /* Release */ = {
			isa = XCBuildConfiguration;
			buildSettings = {
				ALWAYS_EMBED_SWIFT_STANDARD_LIBRARIES = YES;
				CODE_SIGN_STYLE = Automatic;
				CURRENT_PROJECT_VERSION = 1;
				DEVELOPMENT_TEAM = YUF8364M59;
				GENERATE_INFOPLIST_FILE = YES;
				MARKETING_VERSION = 1.0;
				PRODUCT_BUNDLE_IDENTIFIER = com.ada.GitSessionUITests;
				PRODUCT_NAME = "$(TARGET_NAME)";
				SWIFT_EMIT_LOC_STRINGS = NO;
				SWIFT_VERSION = 5.0;
				TARGETED_DEVICE_FAMILY = "1,2";
				TEST_TARGET_NAME = GitSession;
			};
			name = Release;
		};
/* End XCBuildConfiguration section */

/* Begin XCConfigurationList section */
		5B12AD8D2BD133BF0090891F /* Build configuration list for PBXProject "GitSession" */ = {
			isa = XCConfigurationList;
			buildConfigurations = (
				5B12ADB62BD133C10090891F /* Debug */,
				5B12ADB72BD133C10090891F /* Release */,
			);
			defaultConfigurationIsVisible = 0;
			defaultConfigurationName = Release;
		};
		5B12ADB82BD133C10090891F /* Build configuration list for PBXNativeTarget "GitSession" */ = {
			isa = XCConfigurationList;
			buildConfigurations = (
				5B12ADB92BD133C10090891F /* Debug */,
				5B12ADBA2BD133C10090891F /* Release */,
			);
			defaultConfigurationIsVisible = 0;
			defaultConfigurationName = Release;
		};
		5B12ADBB2BD133C10090891F /* Build configuration list for PBXNativeTarget "GitSessionTests" */ = {
			isa = XCConfigurationList;
			buildConfigurations = (
				5B12ADBC2BD133C10090891F /* Debug */,
				5B12ADBD2BD133C10090891F /* Release */,
			);
			defaultConfigurationIsVisible = 0;
			defaultConfigurationName = Release;
		};
		5B12ADBE2BD133C10090891F /* Build configuration list for PBXNativeTarget "GitSessionUITests" */ = {
			isa = XCConfigurationList;
			buildConfigurations = (
				5B12ADBF2BD133C10090891F /* Debug */,
				5B12ADC02BD133C10090891F /* Release */,
			);
			defaultConfigurationIsVisible = 0;
			defaultConfigurationName = Release;
		};
/* End XCConfigurationList section */
	};
	rootObject = 5B12AD8A2BD133BF0090891F /* Project object */;
}
